
Microsoft Visual Studio Solution File, Format Version 12.00
# Visual Studio Version 17
VisualStudioVersion = 17.7.34009.444
MinimumVisualStudioVersion = 10.0.40219.1
Project("{FAE04EC0-301F-11D3-BF4B-00C04F79EFBC}") = "SustentaMais", "SustentaMais.csproj", "{D1E93F21-89B5-48FB-9FAC-766794FF0BED}"
EndProject
Project("{FAE04EC0-301F-11D3-BF4B-00C04F79EFBC}") = "SustentaMaisTest", "..\SustentaMaisTest\SustentaMaisTest.csproj", "{1FAB8548-47E9-4E1B-9503-E577BBCC82C3}"
EndProject
Global
	GlobalSection(SolutionConfigurationPlatforms) = preSolution
		Debug|Any CPU = Debug|Any CPU
		Release|Any CPU = Release|Any CPU
	EndGlobalSection
	GlobalSection(ProjectConfigurationPlatforms) = postSolution
		{D1E93F21-89B5-48FB-9FAC-766794FF0BED}.Debug|Any CPU.ActiveCfg = Debug|Any CPU
		{D1E93F21-89B5-48FB-9FAC-766794FF0BED}.Debug|Any CPU.Build.0 = Debug|Any CPU
		{D1E93F21-89B5-48FB-9FAC-766794FF0BED}.Release|Any CPU.ActiveCfg = Release|Any CPU
		{D1E93F21-89B5-48FB-9FAC-766794FF0BED}.Release|Any CPU.Build.0 = Release|Any CPU
		{1FAB8548-47E9-4E1B-9503-E577BBCC82C3}.Debug|Any CPU.ActiveCfg = Debug|Any CPU
		{1FAB8548-47E9-4E1B-9503-E577BBCC82C3}.Debug|Any CPU.Build.0 = Debug|Any CPU
		{1FAB8548-47E9-4E1B-9503-E577BBCC82C3}.Release|Any CPU.ActiveCfg = Release|Any CPU
		{1FAB8548-47E9-4E1B-9503-E577BBCC82C3}.Release|Any CPU.Build.0 = Release|Any CPU
	EndGlobalSection
	GlobalSection(SolutionProperties) = preSolution
		HideSolutionNode = FALSE
	EndGlobalSection
	GlobalSection(ExtensibilityGlobals) = postSolution
		SolutionGuid = {CFD7E0C6-FBFD-432F-9315-C4097050AEC5}
	EndGlobalSection
EndGlobal
